// !$*UTF8*$!
{
	archiveVersion = 1;
	classes = {
	};
	objectVersion = 50;
	objects = {

/* Begin PBXBuildFile section */
		4EDEF67B25E45881004E6E1C /* main.m in Sources */ = {isa = PBXBuildFile; fileRef = 4EDEF67A25E45881004E6E1C /* main.m */; };
		4EDEF68A25E4657D004E6E1C /* main.m in Sources */ = {isa = PBXBuildFile; fileRef = 4EDEF68925E4657D004E6E1C /* main.m */; };
		527BEC6825E85EC90008AAF6 /* main.m in Sources */ = {isa = PBXBuildFile; fileRef = 527BEC6725E85EC90008AAF6 /* main.m */; };
		527BEC7225E85F370008AAF6 /* Contact.m in Sources */ = {isa = PBXBuildFile; fileRef = 527BEC7125E85F370008AAF6 /* Contact.m */; };
		527BEC7C25E860D60008AAF6 /* InputHandler.m in Sources */ = {isa = PBXBuildFile; fileRef = 5281149525E71C23007F3278 /* InputHandler.m */; };
		527BEC8725E862D30008AAF6 /* InputHandler.m in Sources */ = {isa = PBXBuildFile; fileRef = 527BEC8625E862D30008AAF6 /* InputHandler.m */; };
		527BEC8E25E863750008AAF6 /* ContactList.m in Sources */ = {isa = PBXBuildFile; fileRef = 527BEC8D25E863750008AAF6 /* ContactList.m */; };
		5281146825E5CB62007F3278 /* Box.m in Sources */ = {isa = PBXBuildFile; fileRef = 5281146725E5CB62007F3278 /* Box.m */; };
		5281148625E70DEF007F3278 /* main.m in Sources */ = {isa = PBXBuildFile; fileRef = 5281148525E70DEF007F3278 /* main.m */; };
		5281148F25E7103B007F3278 /* AdditionQuestion.m in Sources */ = {isa = PBXBuildFile; fileRef = 5281148E25E7103B007F3278 /* AdditionQuestion.m */; };
		528114A225E724A7007F3278 /* ScoreKeeper.m in Sources */ = {isa = PBXBuildFile; fileRef = 528114A125E724A7007F3278 /* ScoreKeeper.m */; };
/* End PBXBuildFile section */

/* Begin PBXCopyFilesBuildPhase section */
		4EDEF67525E45881004E6E1C /* CopyFiles */ = {
			isa = PBXCopyFilesBuildPhase;
			buildActionMask = 2147483647;
			dstPath = /usr/share/man/man1/;
			dstSubfolderSpec = 0;
			files = (
			);
			runOnlyForDeploymentPostprocessing = 1;
		};
		4EDEF68525E4657D004E6E1C /* CopyFiles */ = {
			isa = PBXCopyFilesBuildPhase;
			buildActionMask = 2147483647;
			dstPath = /usr/share/man/man1/;
			dstSubfolderSpec = 0;
			files = (
			);
			runOnlyForDeploymentPostprocessing = 1;
		};
		527BEC6325E85EC90008AAF6 /* CopyFiles */ = {
			isa = PBXCopyFilesBuildPhase;
			buildActionMask = 2147483647;
			dstPath = /usr/share/man/man1/;
			dstSubfolderSpec = 0;
			files = (
			);
			runOnlyForDeploymentPostprocessing = 1;
		};
		5281148125E70DEF007F3278 /* CopyFiles */ = {
			isa = PBXCopyFilesBuildPhase;
			buildActionMask = 2147483647;
			dstPath = /usr/share/man/man1/;
			dstSubfolderSpec = 0;
			files = (
			);
			runOnlyForDeploymentPostprocessing = 1;
		};
/* End PBXCopyFilesBuildPhase section */

/* Begin PBXFileReference section */
		4EDEF67725E45881004E6E1C /* Objective-C Labs */ = {isa = PBXFileReference; explicitFileType = "compiled.mach-o.executable"; includeInIndex = 0; path = "Objective-C Labs"; sourceTree = BUILT_PRODUCTS_DIR; };
		4EDEF67A25E45881004E6E1C /* main.m */ = {isa = PBXFileReference; lastKnownFileType = sourcecode.c.objc; path = main.m; sourceTree = "<group>"; };
		4EDEF68725E4657D004E6E1C /* Lab2 */ = {isa = PBXFileReference; explicitFileType = "compiled.mach-o.executable"; includeInIndex = 0; path = Lab2; sourceTree = BUILT_PRODUCTS_DIR; };
		4EDEF68925E4657D004E6E1C /* main.m */ = {isa = PBXFileReference; lastKnownFileType = sourcecode.c.objc; path = main.m; sourceTree = "<group>"; };
		527BEC6525E85EC90008AAF6 /* Lab4 */ = {isa = PBXFileReference; explicitFileType = "compiled.mach-o.executable"; includeInIndex = 0; path = Lab4; sourceTree = BUILT_PRODUCTS_DIR; };
		527BEC6725E85EC90008AAF6 /* main.m */ = {isa = PBXFileReference; lastKnownFileType = sourcecode.c.objc; path = main.m; sourceTree = "<group>"; };
		527BEC7025E85F370008AAF6 /* Contact.h */ = {isa = PBXFileReference; lastKnownFileType = sourcecode.c.h; path = Contact.h; sourceTree = "<group>"; };
		527BEC7125E85F370008AAF6 /* Contact.m */ = {isa = PBXFileReference; lastKnownFileType = sourcecode.c.objc; path = Contact.m; sourceTree = "<group>"; };
		527BEC8525E862D30008AAF6 /* InputHandler.h */ = {isa = PBXFileReference; lastKnownFileType = sourcecode.c.h; path = InputHandler.h; sourceTree = "<group>"; };
		527BEC8625E862D30008AAF6 /* InputHandler.m */ = {isa = PBXFileReference; lastKnownFileType = sourcecode.c.objc; path = InputHandler.m; sourceTree = "<group>"; };
		527BEC8C25E863750008AAF6 /* ContactList.h */ = {isa = PBXFileReference; lastKnownFileType = sourcecode.c.h; path = ContactList.h; sourceTree = "<group>"; };
		527BEC8D25E863750008AAF6 /* ContactList.m */ = {isa = PBXFileReference; lastKnownFileType = sourcecode.c.objc; path = ContactList.m; sourceTree = "<group>"; };
		5281146625E5CB62007F3278 /* Box.h */ = {isa = PBXFileReference; lastKnownFileType = sourcecode.c.h; path = Box.h; sourceTree = "<group>"; };
		5281146725E5CB62007F3278 /* Box.m */ = {isa = PBXFileReference; lastKnownFileType = sourcecode.c.objc; path = Box.m; sourceTree = "<group>"; };
		5281148325E70DEF007F3278 /* Lab3 */ = {isa = PBXFileReference; explicitFileType = "compiled.mach-o.executable"; includeInIndex = 0; path = Lab3; sourceTree = BUILT_PRODUCTS_DIR; };
		5281148525E70DEF007F3278 /* main.m */ = {isa = PBXFileReference; lastKnownFileType = sourcecode.c.objc; path = main.m; sourceTree = "<group>"; };
		5281148D25E7103B007F3278 /* AdditionQuestion.h */ = {isa = PBXFileReference; lastKnownFileType = sourcecode.c.h; path = AdditionQuestion.h; sourceTree = "<group>"; };
		5281148E25E7103B007F3278 /* AdditionQuestion.m */ = {isa = PBXFileReference; lastKnownFileType = sourcecode.c.objc; path = AdditionQuestion.m; sourceTree = "<group>"; };
		5281149425E71C23007F3278 /* InputHandler.h */ = {isa = PBXFileReference; lastKnownFileType = sourcecode.c.h; path = InputHandler.h; sourceTree = "<group>"; };
		5281149525E71C23007F3278 /* InputHandler.m */ = {isa = PBXFileReference; lastKnownFileType = sourcecode.c.objc; path = InputHandler.m; sourceTree = "<group>"; };
		528114A025E724A7007F3278 /* ScoreKeeper.h */ = {isa = PBXFileReference; lastKnownFileType = sourcecode.c.h; path = ScoreKeeper.h; sourceTree = "<group>"; };
		528114A125E724A7007F3278 /* ScoreKeeper.m */ = {isa = PBXFileReference; lastKnownFileType = sourcecode.c.objc; path = ScoreKeeper.m; sourceTree = "<group>"; };
/* End PBXFileReference section */

/* Begin PBXFrameworksBuildPhase section */
		4EDEF67425E45881004E6E1C /* Frameworks */ = {
			isa = PBXFrameworksBuildPhase;
			buildActionMask = 2147483647;
			files = (
			);
			runOnlyForDeploymentPostprocessing = 0;
		};
		4EDEF68425E4657D004E6E1C /* Frameworks */ = {
			isa = PBXFrameworksBuildPhase;
			buildActionMask = 2147483647;
			files = (
			);
			runOnlyForDeploymentPostprocessing = 0;
		};
		527BEC6225E85EC90008AAF6 /* Frameworks */ = {
			isa = PBXFrameworksBuildPhase;
			buildActionMask = 2147483647;
			files = (
			);
			runOnlyForDeploymentPostprocessing = 0;
		};
		5281148025E70DEF007F3278 /* Frameworks */ = {
			isa = PBXFrameworksBuildPhase;
			buildActionMask = 2147483647;
			files = (
			);
			runOnlyForDeploymentPostprocessing = 0;
		};
/* End PBXFrameworksBuildPhase section */

/* Begin PBXGroup section */
		4EDEF66E25E45881004E6E1C = {
			isa = PBXGroup;
			children = (
				4EDEF67925E45881004E6E1C /* Lab1 */,
				4EDEF68825E4657D004E6E1C /* Lab2 */,
				5281148425E70DEF007F3278 /* Lab3 */,
				527BEC6625E85EC90008AAF6 /* Lab4 */,
				4EDEF67825E45881004E6E1C /* Products */,
			);
			sourceTree = "<group>";
		};
		4EDEF67825E45881004E6E1C /* Products */ = {
			isa = PBXGroup;
			children = (
				4EDEF67725E45881004E6E1C /* Objective-C Labs */,
				4EDEF68725E4657D004E6E1C /* Lab2 */,
				5281148325E70DEF007F3278 /* Lab3 */,
				527BEC6525E85EC90008AAF6 /* Lab4 */,
			);
			name = Products;
			sourceTree = "<group>";
		};
		4EDEF67925E45881004E6E1C /* Lab1 */ = {
			isa = PBXGroup;
			children = (
				4EDEF67A25E45881004E6E1C /* main.m */,
			);
			path = Lab1;
			sourceTree = "<group>";
		};
		4EDEF68825E4657D004E6E1C /* Lab2 */ = {
			isa = PBXGroup;
			children = (
				4EDEF68925E4657D004E6E1C /* main.m */,
				5281146625E5CB62007F3278 /* Box.h */,
				5281146725E5CB62007F3278 /* Box.m */,
			);
			path = Lab2;
			sourceTree = "<group>";
		};
		527BEC6625E85EC90008AAF6 /* Lab4 */ = {
			isa = PBXGroup;
			children = (
				527BEC6725E85EC90008AAF6 /* main.m */,
				527BEC8C25E863750008AAF6 /* ContactList.h */,
				527BEC8D25E863750008AAF6 /* ContactList.m */,
				527BEC7025E85F370008AAF6 /* Contact.h */,
				527BEC8525E862D30008AAF6 /* InputHandler.h */,
				527BEC8625E862D30008AAF6 /* InputHandler.m */,
				527BEC7125E85F370008AAF6 /* Contact.m */,
			);
			path = Lab4;
			sourceTree = "<group>";
		};
		5281148425E70DEF007F3278 /* Lab3 */ = {
			isa = PBXGroup;
			children = (
				5281148525E70DEF007F3278 /* main.m */,
				528114A025E724A7007F3278 /* ScoreKeeper.h */,
				528114A125E724A7007F3278 /* ScoreKeeper.m */,
				5281149425E71C23007F3278 /* InputHandler.h */,
				5281149525E71C23007F3278 /* InputHandler.m */,
				5281148D25E7103B007F3278 /* AdditionQuestion.h */,
				5281148E25E7103B007F3278 /* AdditionQuestion.m */,
			);
			path = Lab3;
			sourceTree = "<group>";
		};
/* End PBXGroup section */

/* Begin PBXNativeTarget section */
		4EDEF67625E45881004E6E1C /* Objective-C Labs */ = {
			isa = PBXNativeTarget;
			buildConfigurationList = 4EDEF67E25E45881004E6E1C /* Build configuration list for PBXNativeTarget "Objective-C Labs" */;
			buildPhases = (
				4EDEF67325E45881004E6E1C /* Sources */,
				4EDEF67425E45881004E6E1C /* Frameworks */,
				4EDEF67525E45881004E6E1C /* CopyFiles */,
			);
			buildRules = (
			);
			dependencies = (
			);
			name = "Objective-C Labs";
			productName = Lab1;
			productReference = 4EDEF67725E45881004E6E1C /* Objective-C Labs */;
			productType = "com.apple.product-type.tool";
		};
		4EDEF68625E4657D004E6E1C /* Lab2 */ = {
			isa = PBXNativeTarget;
			buildConfigurationList = 4EDEF68B25E4657D004E6E1C /* Build configuration list for PBXNativeTarget "Lab2" */;
			buildPhases = (
				4EDEF68325E4657D004E6E1C /* Sources */,
				4EDEF68425E4657D004E6E1C /* Frameworks */,
				4EDEF68525E4657D004E6E1C /* CopyFiles */,
			);
			buildRules = (
			);
			dependencies = (
			);
			name = Lab2;
			productName = Lab2;
			productReference = 4EDEF68725E4657D004E6E1C /* Lab2 */;
			productType = "com.apple.product-type.tool";
		};
		527BEC6425E85EC90008AAF6 /* Lab4 */ = {
			isa = PBXNativeTarget;
			buildConfigurationList = 527BEC6B25E85EC90008AAF6 /* Build configuration list for PBXNativeTarget "Lab4" */;
			buildPhases = (
				527BEC6125E85EC90008AAF6 /* Sources */,
				527BEC6225E85EC90008AAF6 /* Frameworks */,
				527BEC6325E85EC90008AAF6 /* CopyFiles */,
			);
			buildRules = (
			);
			dependencies = (
			);
			name = Lab4;
			productName = Lab4;
			productReference = 527BEC6525E85EC90008AAF6 /* Lab4 */;
			productType = "com.apple.product-type.tool";
		};
		5281148225E70DEF007F3278 /* Lab3 */ = {
			isa = PBXNativeTarget;
			buildConfigurationList = 5281148725E70DEF007F3278 /* Build configuration list for PBXNativeTarget "Lab3" */;
			buildPhases = (
				5281147F25E70DEF007F3278 /* Sources */,
				5281148025E70DEF007F3278 /* Frameworks */,
				5281148125E70DEF007F3278 /* CopyFiles */,
			);
			buildRules = (
			);
			dependencies = (
			);
			name = Lab3;
			productName = Lab3;
			productReference = 5281148325E70DEF007F3278 /* Lab3 */;
			productType = "com.apple.product-type.tool";
		};
/* End PBXNativeTarget section */

/* Begin PBXProject section */
		4EDEF66F25E45881004E6E1C /* Project object */ = {
			isa = PBXProject;
			attributes = {
				LastUpgradeCheck = 1240;
				TargetAttributes = {
					4EDEF67625E45881004E6E1C = {
						CreatedOnToolsVersion = 12.4;
					};
					4EDEF68625E4657D004E6E1C = {
						CreatedOnToolsVersion = 12.4;
						LastSwiftMigration = 1240;
					};
					527BEC6425E85EC90008AAF6 = {
						CreatedOnToolsVersion = 12.4;
					};
					5281148225E70DEF007F3278 = {
						CreatedOnToolsVersion = 12.4;
					};
				};
			};
			buildConfigurationList = 4EDEF67225E45881004E6E1C /* Build configuration list for PBXProject "Objective-C Labs" */;
			compatibilityVersion = "Xcode 9.3";
			developmentRegion = en;
			hasScannedForEncodings = 0;
			knownRegions = (
				en,
				Base,
			);
			mainGroup = 4EDEF66E25E45881004E6E1C;
			productRefGroup = 4EDEF67825E45881004E6E1C /* Products */;
			projectDirPath = "";
			projectRoot = "";
			targets = (
				4EDEF67625E45881004E6E1C /* Objective-C Labs */,
				4EDEF68625E4657D004E6E1C /* Lab2 */,
				5281148225E70DEF007F3278 /* Lab3 */,
				527BEC6425E85EC90008AAF6 /* Lab4 */,
			);
		};
/* End PBXProject section */

/* Begin PBXSourcesBuildPhase section */
		4EDEF67325E45881004E6E1C /* Sources */ = {
			isa = PBXSourcesBuildPhase;
			buildActionMask = 2147483647;
			files = (
				4EDEF67B25E45881004E6E1C /* main.m in Sources */,
			);
			runOnlyForDeploymentPostprocessing = 0;
		};
		4EDEF68325E4657D004E6E1C /* Sources */ = {
			isa = PBXSourcesBuildPhase;
			buildActionMask = 2147483647;
			files = (
				4EDEF68A25E4657D004E6E1C /* main.m in Sources */,
				5281146825E5CB62007F3278 /* Box.m in Sources */,
			);
			runOnlyForDeploymentPostprocessing = 0;
		};
		527BEC6125E85EC90008AAF6 /* Sources */ = {
			isa = PBXSourcesBuildPhase;
			buildActionMask = 2147483647;
			files = (
				527BEC8E25E863750008AAF6 /* ContactList.m in Sources */,
				527BEC7225E85F370008AAF6 /* Contact.m in Sources */,
				527BEC8725E862D30008AAF6 /* InputHandler.m in Sources */,
				527BEC6825E85EC90008AAF6 /* main.m in Sources */,
			);
			runOnlyForDeploymentPostprocessing = 0;
		};
		5281147F25E70DEF007F3278 /* Sources */ = {
			isa = PBXSourcesBuildPhase;
			buildActionMask = 2147483647;
			files = (
				528114A225E724A7007F3278 /* ScoreKeeper.m in Sources */,
				5281148625E70DEF007F3278 /* main.m in Sources */,
				5281148F25E7103B007F3278 /* AdditionQuestion.m in Sources */,
				527BEC7C25E860D60008AAF6 /* InputHandler.m in Sources */,
			);
			runOnlyForDeploymentPostprocessing = 0;
		};
/* End PBXSourcesBuildPhase section */

/* Begin XCBuildConfiguration section */
		4EDEF67C25E45881004E6E1C /* Debug */ = {
			isa = XCBuildConfiguration;
			buildSettings = {
				ALWAYS_SEARCH_USER_PATHS = NO;
				CLANG_ANALYZER_NONNULL = YES;
				CLANG_ANALYZER_NUMBER_OBJECT_CONVERSION = YES_AGGRESSIVE;
				CLANG_CXX_LANGUAGE_STANDARD = "gnu++14";
				CLANG_CXX_LIBRARY = "libc++";
				CLANG_ENABLE_MODULES = YES;
				CLANG_ENABLE_OBJC_ARC = YES;
				CLANG_ENABLE_OBJC_WEAK = YES;
				CLANG_WARN_BLOCK_CAPTURE_AUTORELEASING = YES;
				CLANG_WARN_BOOL_CONVERSION = YES;
				CLANG_WARN_COMMA = YES;
				CLANG_WARN_CONSTANT_CONVERSION = YES;
				CLANG_WARN_DEPRECATED_OBJC_IMPLEMENTATIONS = YES;
				CLANG_WARN_DIRECT_OBJC_ISA_USAGE = YES_ERROR;
				CLANG_WARN_DOCUMENTATION_COMMENTS = YES;
				CLANG_WARN_EMPTY_BODY = YES;
				CLANG_WARN_ENUM_CONVERSION = YES;
				CLANG_WARN_INFINITE_RECURSION = YES;
				CLANG_WARN_INT_CONVERSION = YES;
				CLANG_WARN_NON_LITERAL_NULL_CONVERSION = YES;
				CLANG_WARN_OBJC_IMPLICIT_RETAIN_SELF = YES;
				CLANG_WARN_OBJC_LITERAL_CONVERSION = YES;
				CLANG_WARN_OBJC_ROOT_CLASS = YES_ERROR;
				CLANG_WARN_QUOTED_INCLUDE_IN_FRAMEWORK_HEADER = YES;
				CLANG_WARN_RANGE_LOOP_ANALYSIS = YES;
				CLANG_WARN_STRICT_PROTOTYPES = YES;
				CLANG_WARN_SUSPICIOUS_MOVE = YES;
				CLANG_WARN_UNGUARDED_AVAILABILITY = YES_AGGRESSIVE;
				CLANG_WARN_UNREACHABLE_CODE = YES;
				CLANG_WARN__DUPLICATE_METHOD_MATCH = YES;
				COPY_PHASE_STRIP = NO;
				DEBUG_INFORMATION_FORMAT = dwarf;
				ENABLE_STRICT_OBJC_MSGSEND = YES;
				ENABLE_TESTABILITY = YES;
				GCC_C_LANGUAGE_STANDARD = gnu11;
				GCC_DYNAMIC_NO_PIC = NO;
				GCC_NO_COMMON_BLOCKS = YES;
				GCC_OPTIMIZATION_LEVEL = 0;
				GCC_PREPROCESSOR_DEFINITIONS = (
					"DEBUG=1",
					"$(inherited)",
				);
				GCC_WARN_64_TO_32_BIT_CONVERSION = YES;
				GCC_WARN_ABOUT_RETURN_TYPE = YES_ERROR;
				GCC_WARN_UNDECLARED_SELECTOR = YES;
				GCC_WARN_UNINITIALIZED_AUTOS = YES_AGGRESSIVE;
				GCC_WARN_UNUSED_FUNCTION = YES;
				GCC_WARN_UNUSED_VARIABLE = YES;
				MACOSX_DEPLOYMENT_TARGET = 11.1;
				MTL_ENABLE_DEBUG_INFO = INCLUDE_SOURCE;
				MTL_FAST_MATH = YES;
				ONLY_ACTIVE_ARCH = YES;
				SDKROOT = macosx;
			};
			name = Debug;
		};
		4EDEF67D25E45881004E6E1C /* Release */ = {
			isa = XCBuildConfiguration;
			buildSettings = {
				ALWAYS_SEARCH_USER_PATHS = NO;
				CLANG_ANALYZER_NONNULL = YES;
				CLANG_ANALYZER_NUMBER_OBJECT_CONVERSION = YES_AGGRESSIVE;
				CLANG_CXX_LANGUAGE_STANDARD = "gnu++14";
				CLANG_CXX_LIBRARY = "libc++";
				CLANG_ENABLE_MODULES = YES;
				CLANG_ENABLE_OBJC_ARC = YES;
				CLANG_ENABLE_OBJC_WEAK = YES;
				CLANG_WARN_BLOCK_CAPTURE_AUTORELEASING = YES;
				CLANG_WARN_BOOL_CONVERSION = YES;
				CLANG_WARN_COMMA = YES;
				CLANG_WARN_CONSTANT_CONVERSION = YES;
				CLANG_WARN_DEPRECATED_OBJC_IMPLEMENTATIONS = YES;
				CLANG_WARN_DIRECT_OBJC_ISA_USAGE = YES_ERROR;
				CLANG_WARN_DOCUMENTATION_COMMENTS = YES;
				CLANG_WARN_EMPTY_BODY = YES;
				CLANG_WARN_ENUM_CONVERSION = YES;
				CLANG_WARN_INFINITE_RECURSION = YES;
				CLANG_WARN_INT_CONVERSION = YES;
				CLANG_WARN_NON_LITERAL_NULL_CONVERSION = YES;
				CLANG_WARN_OBJC_IMPLICIT_RETAIN_SELF = YES;
				CLANG_WARN_OBJC_LITERAL_CONVERSION = YES;
				CLANG_WARN_OBJC_ROOT_CLASS = YES_ERROR;
				CLANG_WARN_QUOTED_INCLUDE_IN_FRAMEWORK_HEADER = YES;
				CLANG_WARN_RANGE_LOOP_ANALYSIS = YES;
				CLANG_WARN_STRICT_PROTOTYPES = YES;
				CLANG_WARN_SUSPICIOUS_MOVE = YES;
				CLANG_WARN_UNGUARDED_AVAILABILITY = YES_AGGRESSIVE;
				CLANG_WARN_UNREACHABLE_CODE = YES;
				CLANG_WARN__DUPLICATE_METHOD_MATCH = YES;
				COPY_PHASE_STRIP = NO;
				DEBUG_INFORMATION_FORMAT = "dwarf-with-dsym";
				ENABLE_NS_ASSERTIONS = NO;
				ENABLE_STRICT_OBJC_MSGSEND = YES;
				GCC_C_LANGUAGE_STANDARD = gnu11;
				GCC_NO_COMMON_BLOCKS = YES;
				GCC_WARN_64_TO_32_BIT_CONVERSION = YES;
				GCC_WARN_ABOUT_RETURN_TYPE = YES_ERROR;
				GCC_WARN_UNDECLARED_SELECTOR = YES;
				GCC_WARN_UNINITIALIZED_AUTOS = YES_AGGRESSIVE;
				GCC_WARN_UNUSED_FUNCTION = YES;
				GCC_WARN_UNUSED_VARIABLE = YES;
				MACOSX_DEPLOYMENT_TARGET = 11.1;
				MTL_ENABLE_DEBUG_INFO = NO;
				MTL_FAST_MATH = YES;
				SDKROOT = macosx;
			};
			name = Release;
		};
		4EDEF67F25E45881004E6E1C /* Debug */ = {
			isa = XCBuildConfiguration;
			buildSettings = {
				CODE_SIGN_STYLE = Automatic;
				DEVELOPMENT_TEAM = AYHFX5HL8Z;
				ENABLE_HARDENED_RUNTIME = YES;
				MACOSX_DEPLOYMENT_TARGET = 10.15;
				PRODUCT_NAME = "$(TARGET_NAME)";
			};
			name = Debug;
		};
		4EDEF68025E45881004E6E1C /* Release */ = {
			isa = XCBuildConfiguration;
			buildSettings = {
				CODE_SIGN_STYLE = Automatic;
				DEVELOPMENT_TEAM = AYHFX5HL8Z;
				ENABLE_HARDENED_RUNTIME = YES;
				MACOSX_DEPLOYMENT_TARGET = 10.15;
				PRODUCT_NAME = "$(TARGET_NAME)";
			};
			name = Release;
		};
		4EDEF68C25E4657D004E6E1C /* Debug */ = {
			isa = XCBuildConfiguration;
			buildSettings = {
				CLANG_ENABLE_MODULES = YES;
				CODE_SIGN_STYLE = Automatic;
				DEVELOPMENT_TEAM = AYHFX5HL8Z;
				ENABLE_HARDENED_RUNTIME = YES;
				LD_RUNPATH_SEARCH_PATHS = (
					"$(inherited)",
					"@executable_path/../Frameworks",
					"@loader_path/../Frameworks",
				);
				MACOSX_DEPLOYMENT_TARGET = 10.15;
				PRODUCT_NAME = "$(TARGET_NAME)";
				SWIFT_OBJC_BRIDGING_HEADER = "Lab2/Lab2-Bridging-Header.h";
				SWIFT_OPTIMIZATION_LEVEL = "-Onone";
				SWIFT_VERSION = 5.0;
			};
			name = Debug;
		};
		4EDEF68D25E4657D004E6E1C /* Release */ = {
			isa = XCBuildConfiguration;
			buildSettings = {
				CLANG_ENABLE_MODULES = YES;
				CODE_SIGN_STYLE = Automatic;
				DEVELOPMENT_TEAM = AYHFX5HL8Z;
				ENABLE_HARDENED_RUNTIME = YES;
				LD_RUNPATH_SEARCH_PATHS = (
					"$(inherited)",
					"@executable_path/../Frameworks",
					"@loader_path/../Frameworks",
				);
				MACOSX_DEPLOYMENT_TARGET = 10.15;
				PRODUCT_NAME = "$(TARGET_NAME)";
				SWIFT_OBJC_BRIDGING_HEADER = "Lab2/Lab2-Bridging-Header.h";
				SWIFT_VERSION = 5.0;
			};
			name = Release;
		};
		527BEC6925E85EC90008AAF6 /* Debug */ = {
			isa = XCBuildConfiguration;
			buildSettings = {
				CODE_SIGN_STYLE = Automatic;
				DEVELOPMENT_TEAM = AYHFX5HL8Z;
				ENABLE_HARDENED_RUNTIME = YES;
				MACOSX_DEPLOYMENT_TARGET = 10.15;
				PRODUCT_NAME = "$(TARGET_NAME)";
			};
			name = Debug;
		};
		527BEC6A25E85EC90008AAF6 /* Release */ = {
			isa = XCBuildConfiguration;
			buildSettings = {
				CODE_SIGN_STYLE = Automatic;
				DEVELOPMENT_TEAM = AYHFX5HL8Z;
				ENABLE_HARDENED_RUNTIME = YES;
				MACOSX_DEPLOYMENT_TARGET = 10.15;
				PRODUCT_NAME = "$(TARGET_NAME)";
			};
			name = Release;
		};
		5281148825E70DEF007F3278 /* Debug */ = {
			isa = XCBuildConfiguration;
			buildSettings = {
				CODE_SIGN_STYLE = Automatic;
				DEVELOPMENT_TEAM = AYHFX5HL8Z;
				ENABLE_HARDENED_RUNTIME = YES;
				MACOSX_DEPLOYMENT_TARGET = 10.15;
				PRODUCT_NAME = "$(TARGET_NAME)";
			};
			name = Debug;
		};
		5281148925E70DEF007F3278 /* Release */ = {
			isa = XCBuildConfiguration;
			buildSettings = {
				CODE_SIGN_STYLE = Automatic;
				DEVELOPMENT_TEAM = AYHFX5HL8Z;
				ENABLE_HARDENED_RUNTIME = YES;
				MACOSX_DEPLOYMENT_TARGET = 10.15;
				PRODUCT_NAME = "$(TARGET_NAME)";
			};
			name = Release;
		};
/* End XCBuildConfiguration section */

/* Begin XCConfigurationList section */
		4EDEF67225E45881004E6E1C /* Build configuration list for PBXProject "Objective-C Labs" */ = {
			isa = XCConfigurationList;
			buildConfigurations = (
				4EDEF67C25E45881004E6E1C /* Debug */,
				4EDEF67D25E45881004E6E1C /* Release */,
			);
			defaultConfigurationIsVisible = 0;
			defaultConfigurationName = Release;
		};
		4EDEF67E25E45881004E6E1C /* Build configuration list for PBXNativeTarget "Objective-C Labs" */ = {
			isa = XCConfigurationList;
			buildConfigurations = (
				4EDEF67F25E45881004E6E1C /* Debug */,
				4EDEF68025E45881004E6E1C /* Release */,
			);
			defaultConfigurationIsVisible = 0;
			defaultConfigurationName = Release;
		};
		4EDEF68B25E4657D004E6E1C /* Build configuration list for PBXNativeTarget "Lab2" */ = {
			isa = XCConfigurationList;
			buildConfigurations = (
				4EDEF68C25E4657D004E6E1C /* Debug */,
				4EDEF68D25E4657D004E6E1C /* Release */,
			);
			defaultConfigurationIsVisible = 0;
			defaultConfigurationName = Release;
		};
		527BEC6B25E85EC90008AAF6 /* Build configuration list for PBXNativeTarget "Lab4" */ = {
			isa = XCConfigurationList;
			buildConfigurations = (
				527BEC6925E85EC90008AAF6 /* Debug */,
				527BEC6A25E85EC90008AAF6 /* Release */,
			);
			defaultConfigurationIsVisible = 0;
			defaultConfigurationName = Release;
		};
		5281148725E70DEF007F3278 /* Build configuration list for PBXNativeTarget "Lab3" */ = {
			isa = XCConfigurationList;
			buildConfigurations = (
				5281148825E70DEF007F3278 /* Debug */,
				5281148925E70DEF007F3278 /* Release */,
			);
			defaultConfigurationIsVisible = 0;
			defaultConfigurationName = Release;
		};
/* End XCConfigurationList section */
	};
	rootObject = 4EDEF66F25E45881004E6E1C /* Project object */;
}
