// !$*UTF8*$!
{
	archiveVersion = 1;
	classes = {
	};
	objectVersion = 50;
	objects = {

/* Begin PBXBuildFile section */
		4EDEF67B25E45881004E6E1C /* main.m in Sources */ = {isa = PBXBuildFile; fileRef = 4EDEF67A25E45881004E6E1C /* main.m */; };
		4EDEF68A25E4657D004E6E1C /* main.m in Sources */ = {isa = PBXBuildFile; fileRef = 4EDEF68925E4657D004E6E1C /* main.m */; };
		527BEC6825E85EC90008AAF6 /* main.m in Sources */ = {isa = PBXBuildFile; fileRef = 527BEC6725E85EC90008AAF6 /* main.m */; };
		527BEC7225E85F370008AAF6 /* Contact.m in Sources */ = {isa = PBXBuildFile; fileRef = 527BEC7125E85F370008AAF6 /* Contact.m */; };
		527BEC7C25E860D60008AAF6 /* InputHandler.m in Sources */ = {isa = PBXBuildFile; fileRef = 5281149525E71C23007F3278 /* InputHandler.m */; };
		527BEC8725E862D30008AAF6 /* InputHandler.m in Sources */ = {isa = PBXBuildFile; fileRef = 527BEC8625E862D30008AAF6 /* InputHandler.m */; };
		527BEC8E25E863750008AAF6 /* ContactList.m in Sources */ = {isa = PBXBuildFile; fileRef = 527BEC8D25E863750008AAF6 /* ContactList.m */; };
		527BECA725E96D030008AAF6 /* main.m in Sources */ = {isa = PBXBuildFile; fileRef = 527BECA625E96D030008AAF6 /* main.m */; };
		527BECC425E96D9D0008AAF6 /* NSString+stringByPigLatinization.m in Sources */ = {isa = PBXBuildFile; fileRef = 527BECC325E96D9D0008AAF6 /* NSString+stringByPigLatinization.m */; };
		527BECD125E9BAE10008AAF6 /* QuestionManager.m in Sources */ = {isa = PBXBuildFile; fileRef = 527BECD025E9BAE10008AAF6 /* QuestionManager.m */; };
		527BECDE25E9C79B0008AAF6 /* AdditionQuestion.m in Sources */ = {isa = PBXBuildFile; fileRef = 527BECDD25E9C79B0008AAF6 /* AdditionQuestion.m */; };
		527BECE625E9D5150008AAF6 /* SubtractionQuestion.m in Sources */ = {isa = PBXBuildFile; fileRef = 527BECE525E9D5150008AAF6 /* SubtractionQuestion.m */; };
		527BECF425E9D6090008AAF6 /* QuestionFactory.m in Sources */ = {isa = PBXBuildFile; fileRef = 527BECF325E9D6090008AAF6 /* QuestionFactory.m */; };
		527BED0625E9E3A10008AAF6 /* MultiplicationQuestion.m in Sources */ = {isa = PBXBuildFile; fileRef = 527BED0525E9E3A10008AAF6 /* MultiplicationQuestion.m */; };
		527BED0E25E9E43C0008AAF6 /* DivisionQuestion.m in Sources */ = {isa = PBXBuildFile; fileRef = 527BED0D25E9E43C0008AAF6 /* DivisionQuestion.m */; };
		527BED2525EABF430008AAF6 /* main.m in Sources */ = {isa = PBXBuildFile; fileRef = 527BED2425EABF430008AAF6 /* main.m */; };
		527BED3125EABF500008AAF6 /* Dice.m in Sources */ = {isa = PBXBuildFile; fileRef = 527BED3025EABF500008AAF6 /* Dice.m */; };
		527BED4325EAD6E30008AAF6 /* GameController.m in Sources */ = {isa = PBXBuildFile; fileRef = 527BED4225EAD6E30008AAF6 /* GameController.m */; };
		527BED6425EB771B0008AAF6 /* InputHandler.m in Sources */ = {isa = PBXBuildFile; fileRef = 527BED6325EB771B0008AAF6 /* InputHandler.m */; };
		527BED9D25EF6E210008AAF6 /* NSMutableString+mutableStringByPigLatinization.m in Sources */ = {isa = PBXBuildFile; fileRef = 527BED9C25EF6E210008AAF6 /* NSMutableString+mutableStringByPigLatinization.m */; };
		527BEDB725F078D90008AAF6 /* main.m in Sources */ = {isa = PBXBuildFile; fileRef = 527BEDB625F078D90008AAF6 /* main.m */; };
		527BEDCB25F079520008AAF6 /* InputHandler.m in Sources */ = {isa = PBXBuildFile; fileRef = 527BEDC925F079520008AAF6 /* InputHandler.m */; };
		527BEDD525F07B640008AAF6 /* PaymentGateway.m in Sources */ = {isa = PBXBuildFile; fileRef = 527BEDD425F07B640008AAF6 /* PaymentGateway.m */; };
		527BEDDF25F07F540008AAF6 /* PaypalPaymentService.m in Sources */ = {isa = PBXBuildFile; fileRef = 527BEDDE25F07F540008AAF6 /* PaypalPaymentService.m */; };
		527BEDE925F07F630008AAF6 /* StripePaymentService.m in Sources */ = {isa = PBXBuildFile; fileRef = 527BEDE825F07F630008AAF6 /* StripePaymentService.m */; };
		527BEDF325F07F6F0008AAF6 /* AmazonPaymentService.m in Sources */ = {isa = PBXBuildFile; fileRef = 527BEDF225F07F6F0008AAF6 /* AmazonPaymentService.m */; };
		527BEE0425F0996A0008AAF6 /* Payment.m in Sources */ = {isa = PBXBuildFile; fileRef = 527BEE0325F0996A0008AAF6 /* Payment.m */; };
		527BEE0E25F0A0960008AAF6 /* ApplePaymentService.m in Sources */ = {isa = PBXBuildFile; fileRef = 527BEE0D25F0A0960008AAF6 /* ApplePaymentService.m */; };
		5281146825E5CB62007F3278 /* Box.m in Sources */ = {isa = PBXBuildFile; fileRef = 5281146725E5CB62007F3278 /* Box.m */; };
		5281148625E70DEF007F3278 /* main.m in Sources */ = {isa = PBXBuildFile; fileRef = 5281148525E70DEF007F3278 /* main.m */; };
		5281148F25E7103B007F3278 /* Question.m in Sources */ = {isa = PBXBuildFile; fileRef = 5281148E25E7103B007F3278 /* Question.m */; };
		528114A225E724A7007F3278 /* ScoreKeeper.m in Sources */ = {isa = PBXBuildFile; fileRef = 528114A125E724A7007F3278 /* ScoreKeeper.m */; };
/* End PBXBuildFile section */

/* Begin PBXCopyFilesBuildPhase section */
		4EDEF67525E45881004E6E1C /* CopyFiles */ = {
			isa = PBXCopyFilesBuildPhase;
			buildActionMask = 2147483647;
			dstPath = /usr/share/man/man1/;
			dstSubfolderSpec = 0;
			files = (
			);
			runOnlyForDeploymentPostprocessing = 1;
		};
		4EDEF68525E4657D004E6E1C /* CopyFiles */ = {
			isa = PBXCopyFilesBuildPhase;
			buildActionMask = 2147483647;
			dstPath = /usr/share/man/man1/;
			dstSubfolderSpec = 0;
			files = (
			);
			runOnlyForDeploymentPostprocessing = 1;
		};
		527BEC6325E85EC90008AAF6 /* CopyFiles */ = {
			isa = PBXCopyFilesBuildPhase;
			buildActionMask = 2147483647;
			dstPath = /usr/share/man/man1/;
			dstSubfolderSpec = 0;
			files = (
			);
			runOnlyForDeploymentPostprocessing = 1;
		};
		527BECA225E96D030008AAF6 /* CopyFiles */ = {
			isa = PBXCopyFilesBuildPhase;
			buildActionMask = 2147483647;
			dstPath = /usr/share/man/man1/;
			dstSubfolderSpec = 0;
			files = (
			);
			runOnlyForDeploymentPostprocessing = 1;
		};
		527BED2025EABF430008AAF6 /* CopyFiles */ = {
			isa = PBXCopyFilesBuildPhase;
			buildActionMask = 2147483647;
			dstPath = /usr/share/man/man1/;
			dstSubfolderSpec = 0;
			files = (
			);
			runOnlyForDeploymentPostprocessing = 1;
		};
		527BEDB225F078D90008AAF6 /* CopyFiles */ = {
			isa = PBXCopyFilesBuildPhase;
			buildActionMask = 2147483647;
			dstPath = /usr/share/man/man1/;
			dstSubfolderSpec = 0;
			files = (
			);
			runOnlyForDeploymentPostprocessing = 1;
		};
		5281148125E70DEF007F3278 /* CopyFiles */ = {
			isa = PBXCopyFilesBuildPhase;
			buildActionMask = 2147483647;
			dstPath = /usr/share/man/man1/;
			dstSubfolderSpec = 0;
			files = (
			);
			runOnlyForDeploymentPostprocessing = 1;
		};
/* End PBXCopyFilesBuildPhase section */

/* Begin PBXFileReference section */
		4EDEF67725E45881004E6E1C /* Objective-C Labs */ = {isa = PBXFileReference; explicitFileType = "compiled.mach-o.executable"; includeInIndex = 0; path = "Objective-C Labs"; sourceTree = BUILT_PRODUCTS_DIR; };
		4EDEF67A25E45881004E6E1C /* main.m */ = {isa = PBXFileReference; lastKnownFileType = sourcecode.c.objc; path = main.m; sourceTree = "<group>"; };
		4EDEF68725E4657D004E6E1C /* Lab2 */ = {isa = PBXFileReference; explicitFileType = "compiled.mach-o.executable"; includeInIndex = 0; path = Lab2; sourceTree = BUILT_PRODUCTS_DIR; };
		4EDEF68925E4657D004E6E1C /* main.m */ = {isa = PBXFileReference; lastKnownFileType = sourcecode.c.objc; path = main.m; sourceTree = "<group>"; };
		527BEC6525E85EC90008AAF6 /* Lab4 */ = {isa = PBXFileReference; explicitFileType = "compiled.mach-o.executable"; includeInIndex = 0; path = Lab4; sourceTree = BUILT_PRODUCTS_DIR; };
		527BEC6725E85EC90008AAF6 /* main.m */ = {isa = PBXFileReference; lastKnownFileType = sourcecode.c.objc; path = main.m; sourceTree = "<group>"; };
		527BEC7025E85F370008AAF6 /* Contact.h */ = {isa = PBXFileReference; lastKnownFileType = sourcecode.c.h; path = Contact.h; sourceTree = "<group>"; };
		527BEC7125E85F370008AAF6 /* Contact.m */ = {isa = PBXFileReference; lastKnownFileType = sourcecode.c.objc; path = Contact.m; sourceTree = "<group>"; };
		527BEC8525E862D30008AAF6 /* InputHandler.h */ = {isa = PBXFileReference; lastKnownFileType = sourcecode.c.h; path = InputHandler.h; sourceTree = "<group>"; };
		527BEC8625E862D30008AAF6 /* InputHandler.m */ = {isa = PBXFileReference; lastKnownFileType = sourcecode.c.objc; path = InputHandler.m; sourceTree = "<group>"; };
		527BEC8C25E863750008AAF6 /* ContactList.h */ = {isa = PBXFileReference; lastKnownFileType = sourcecode.c.h; path = ContactList.h; sourceTree = "<group>"; };
		527BEC8D25E863750008AAF6 /* ContactList.m */ = {isa = PBXFileReference; lastKnownFileType = sourcecode.c.objc; path = ContactList.m; sourceTree = "<group>"; };
		527BECA425E96D030008AAF6 /* Lab13 */ = {isa = PBXFileReference; explicitFileType = "compiled.mach-o.executable"; includeInIndex = 0; path = Lab13; sourceTree = BUILT_PRODUCTS_DIR; };
		527BECA625E96D030008AAF6 /* main.m */ = {isa = PBXFileReference; lastKnownFileType = sourcecode.c.objc; path = main.m; sourceTree = "<group>"; };
		527BECC225E96D9D0008AAF6 /* NSString+stringByPigLatinization.h */ = {isa = PBXFileReference; lastKnownFileType = sourcecode.c.h; path = "NSString+stringByPigLatinization.h"; sourceTree = "<group>"; };
		527BECC325E96D9D0008AAF6 /* NSString+stringByPigLatinization.m */ = {isa = PBXFileReference; lastKnownFileType = sourcecode.c.objc; path = "NSString+stringByPigLatinization.m"; sourceTree = "<group>"; };
		527BECCF25E9BAE10008AAF6 /* QuestionManager.h */ = {isa = PBXFileReference; lastKnownFileType = sourcecode.c.h; path = QuestionManager.h; sourceTree = "<group>"; };
		527BECD025E9BAE10008AAF6 /* QuestionManager.m */ = {isa = PBXFileReference; lastKnownFileType = sourcecode.c.objc; path = QuestionManager.m; sourceTree = "<group>"; };
		527BECDC25E9C79B0008AAF6 /* AdditionQuestion.h */ = {isa = PBXFileReference; lastKnownFileType = sourcecode.c.h; path = AdditionQuestion.h; sourceTree = "<group>"; };
		527BECDD25E9C79B0008AAF6 /* AdditionQuestion.m */ = {isa = PBXFileReference; lastKnownFileType = sourcecode.c.objc; path = AdditionQuestion.m; sourceTree = "<group>"; };
		527BECE425E9D5150008AAF6 /* SubtractionQuestion.h */ = {isa = PBXFileReference; lastKnownFileType = sourcecode.c.h; path = SubtractionQuestion.h; sourceTree = "<group>"; };
		527BECE525E9D5150008AAF6 /* SubtractionQuestion.m */ = {isa = PBXFileReference; lastKnownFileType = sourcecode.c.objc; path = SubtractionQuestion.m; sourceTree = "<group>"; };
		527BECF225E9D6090008AAF6 /* QuestionFactory.h */ = {isa = PBXFileReference; lastKnownFileType = sourcecode.c.h; path = QuestionFactory.h; sourceTree = "<group>"; };
		527BECF325E9D6090008AAF6 /* QuestionFactory.m */ = {isa = PBXFileReference; lastKnownFileType = sourcecode.c.objc; path = QuestionFactory.m; sourceTree = "<group>"; };
		527BED0425E9E3A10008AAF6 /* MultiplicationQuestion.h */ = {isa = PBXFileReference; lastKnownFileType = sourcecode.c.h; path = MultiplicationQuestion.h; sourceTree = "<group>"; };
		527BED0525E9E3A10008AAF6 /* MultiplicationQuestion.m */ = {isa = PBXFileReference; lastKnownFileType = sourcecode.c.objc; path = MultiplicationQuestion.m; sourceTree = "<group>"; };
		527BED0C25E9E43C0008AAF6 /* DivisionQuestion.h */ = {isa = PBXFileReference; lastKnownFileType = sourcecode.c.h; path = DivisionQuestion.h; sourceTree = "<group>"; };
		527BED0D25E9E43C0008AAF6 /* DivisionQuestion.m */ = {isa = PBXFileReference; lastKnownFileType = sourcecode.c.objc; path = DivisionQuestion.m; sourceTree = "<group>"; };
		527BED2225EABF430008AAF6 /* Lab6 - Threelow Dice */ = {isa = PBXFileReference; explicitFileType = "compiled.mach-o.executable"; includeInIndex = 0; path = "Lab6 - Threelow Dice"; sourceTree = BUILT_PRODUCTS_DIR; };
		527BED2425EABF430008AAF6 /* main.m */ = {isa = PBXFileReference; lastKnownFileType = sourcecode.c.objc; path = main.m; sourceTree = "<group>"; };
		527BED2F25EABF500008AAF6 /* Dice.h */ = {isa = PBXFileReference; lastKnownFileType = sourcecode.c.h; path = Dice.h; sourceTree = "<group>"; };
		527BED3025EABF500008AAF6 /* Dice.m */ = {isa = PBXFileReference; lastKnownFileType = sourcecode.c.objc; path = Dice.m; sourceTree = "<group>"; };
		527BED3825EAC30D0008AAF6 /* InputHandler.h */ = {isa = PBXFileReference; fileEncoding = 4; lastKnownFileType = sourcecode.c.h; name = InputHandler.h; path = Lab4/InputHandler.h; sourceTree = SOURCE_ROOT; };
		527BED4125EAD6E30008AAF6 /* GameController.h */ = {isa = PBXFileReference; lastKnownFileType = sourcecode.c.h; path = GameController.h; sourceTree = "<group>"; };
		527BED4225EAD6E30008AAF6 /* GameController.m */ = {isa = PBXFileReference; lastKnownFileType = sourcecode.c.objc; path = GameController.m; sourceTree = "<group>"; };
		527BED6325EB771B0008AAF6 /* InputHandler.m */ = {isa = PBXFileReference; fileEncoding = 4; lastKnownFileType = sourcecode.c.objc; name = InputHandler.m; path = Lab4/InputHandler.m; sourceTree = SOURCE_ROOT; };
		527BED9B25EF6E210008AAF6 /* NSMutableString+mutableStringByPigLatinization.h */ = {isa = PBXFileReference; lastKnownFileType = sourcecode.c.h; path = "NSMutableString+mutableStringByPigLatinization.h"; sourceTree = "<group>"; };
		527BED9C25EF6E210008AAF6 /* NSMutableString+mutableStringByPigLatinization.m */ = {isa = PBXFileReference; lastKnownFileType = sourcecode.c.objc; path = "NSMutableString+mutableStringByPigLatinization.m"; sourceTree = "<group>"; };
		527BEDB425F078D90008AAF6 /* Lab10 - Payments */ = {isa = PBXFileReference; explicitFileType = "compiled.mach-o.executable"; includeInIndex = 0; path = "Lab10 - Payments"; sourceTree = BUILT_PRODUCTS_DIR; };
		527BEDB625F078D90008AAF6 /* main.m */ = {isa = PBXFileReference; lastKnownFileType = sourcecode.c.objc; path = main.m; sourceTree = "<group>"; };
		527BEDC925F079520008AAF6 /* InputHandler.m */ = {isa = PBXFileReference; fileEncoding = 4; lastKnownFileType = sourcecode.c.objc; path = InputHandler.m; sourceTree = "<group>"; };
		527BEDCA25F079520008AAF6 /* InputHandler.h */ = {isa = PBXFileReference; fileEncoding = 4; lastKnownFileType = sourcecode.c.h; path = InputHandler.h; sourceTree = "<group>"; };
		527BEDD325F07B640008AAF6 /* PaymentGateway.h */ = {isa = PBXFileReference; lastKnownFileType = sourcecode.c.h; path = PaymentGateway.h; sourceTree = "<group>"; };
		527BEDD425F07B640008AAF6 /* PaymentGateway.m */ = {isa = PBXFileReference; lastKnownFileType = sourcecode.c.objc; path = PaymentGateway.m; sourceTree = "<group>"; };
		527BEDDD25F07F540008AAF6 /* PaypalPaymentService.h */ = {isa = PBXFileReference; lastKnownFileType = sourcecode.c.h; path = PaypalPaymentService.h; sourceTree = "<group>"; };
		527BEDDE25F07F540008AAF6 /* PaypalPaymentService.m */ = {isa = PBXFileReference; lastKnownFileType = sourcecode.c.objc; path = PaypalPaymentService.m; sourceTree = "<group>"; };
		527BEDE725F07F630008AAF6 /* StripePaymentService.h */ = {isa = PBXFileReference; lastKnownFileType = sourcecode.c.h; path = StripePaymentService.h; sourceTree = "<group>"; };
		527BEDE825F07F630008AAF6 /* StripePaymentService.m */ = {isa = PBXFileReference; lastKnownFileType = sourcecode.c.objc; path = StripePaymentService.m; sourceTree = "<group>"; };
		527BEDF125F07F6F0008AAF6 /* AmazonPaymentService.h */ = {isa = PBXFileReference; lastKnownFileType = sourcecode.c.h; path = AmazonPaymentService.h; sourceTree = "<group>"; };
		527BEDF225F07F6F0008AAF6 /* AmazonPaymentService.m */ = {isa = PBXFileReference; lastKnownFileType = sourcecode.c.objc; path = AmazonPaymentService.m; sourceTree = "<group>"; };
		527BEE0225F0996A0008AAF6 /* Payment.h */ = {isa = PBXFileReference; lastKnownFileType = sourcecode.c.h; path = Payment.h; sourceTree = "<group>"; };
		527BEE0325F0996A0008AAF6 /* Payment.m */ = {isa = PBXFileReference; lastKnownFileType = sourcecode.c.objc; path = Payment.m; sourceTree = "<group>"; };
		527BEE0C25F0A0960008AAF6 /* ApplePaymentService.h */ = {isa = PBXFileReference; lastKnownFileType = sourcecode.c.h; path = ApplePaymentService.h; sourceTree = "<group>"; };
		527BEE0D25F0A0960008AAF6 /* ApplePaymentService.m */ = {isa = PBXFileReference; lastKnownFileType = sourcecode.c.objc; path = ApplePaymentService.m; sourceTree = "<group>"; };
		5281146625E5CB62007F3278 /* Box.h */ = {isa = PBXFileReference; lastKnownFileType = sourcecode.c.h; path = Box.h; sourceTree = "<group>"; };
		5281146725E5CB62007F3278 /* Box.m */ = {isa = PBXFileReference; lastKnownFileType = sourcecode.c.objc; path = Box.m; sourceTree = "<group>"; };
		5281148325E70DEF007F3278 /* Lab3 */ = {isa = PBXFileReference; explicitFileType = "compiled.mach-o.executable"; includeInIndex = 0; path = Lab3; sourceTree = BUILT_PRODUCTS_DIR; };
		5281148525E70DEF007F3278 /* main.m */ = {isa = PBXFileReference; lastKnownFileType = sourcecode.c.objc; path = main.m; sourceTree = "<group>"; };
		5281148D25E7103B007F3278 /* Question.h */ = {isa = PBXFileReference; lastKnownFileType = sourcecode.c.h; path = Question.h; sourceTree = "<group>"; };
		5281148E25E7103B007F3278 /* Question.m */ = {isa = PBXFileReference; lastKnownFileType = sourcecode.c.objc; path = Question.m; sourceTree = "<group>"; };
		5281149425E71C23007F3278 /* InputHandler.h */ = {isa = PBXFileReference; lastKnownFileType = sourcecode.c.h; path = InputHandler.h; sourceTree = "<group>"; };
		5281149525E71C23007F3278 /* InputHandler.m */ = {isa = PBXFileReference; lastKnownFileType = sourcecode.c.objc; path = InputHandler.m; sourceTree = "<group>"; };
		528114A025E724A7007F3278 /* ScoreKeeper.h */ = {isa = PBXFileReference; lastKnownFileType = sourcecode.c.h; path = ScoreKeeper.h; sourceTree = "<group>"; };
		528114A125E724A7007F3278 /* ScoreKeeper.m */ = {isa = PBXFileReference; lastKnownFileType = sourcecode.c.objc; path = ScoreKeeper.m; sourceTree = "<group>"; };
/* End PBXFileReference section */

/* Begin PBXFrameworksBuildPhase section */
		4EDEF67425E45881004E6E1C /* Frameworks */ = {
			isa = PBXFrameworksBuildPhase;
			buildActionMask = 2147483647;
			files = (
			);
			runOnlyForDeploymentPostprocessing = 0;
		};
		4EDEF68425E4657D004E6E1C /* Frameworks */ = {
			isa = PBXFrameworksBuildPhase;
			buildActionMask = 2147483647;
			files = (
			);
			runOnlyForDeploymentPostprocessing = 0;
		};
		527BEC6225E85EC90008AAF6 /* Frameworks */ = {
			isa = PBXFrameworksBuildPhase;
			buildActionMask = 2147483647;
			files = (
			);
			runOnlyForDeploymentPostprocessing = 0;
		};
		527BECA125E96D030008AAF6 /* Frameworks */ = {
			isa = PBXFrameworksBuildPhase;
			buildActionMask = 2147483647;
			files = (
			);
			runOnlyForDeploymentPostprocessing = 0;
		};
		527BED1F25EABF430008AAF6 /* Frameworks */ = {
			isa = PBXFrameworksBuildPhase;
			buildActionMask = 2147483647;
			files = (
			);
			runOnlyForDeploymentPostprocessing = 0;
		};
		527BEDB125F078D90008AAF6 /* Frameworks */ = {
			isa = PBXFrameworksBuildPhase;
			buildActionMask = 2147483647;
			files = (
			);
			runOnlyForDeploymentPostprocessing = 0;
		};
		5281148025E70DEF007F3278 /* Frameworks */ = {
			isa = PBXFrameworksBuildPhase;
			buildActionMask = 2147483647;
			files = (
			);
			runOnlyForDeploymentPostprocessing = 0;
		};
/* End PBXFrameworksBuildPhase section */

/* Begin PBXGroup section */
		4EDEF66E25E45881004E6E1C = {
			isa = PBXGroup;
			children = (
				4EDEF67925E45881004E6E1C /* Lab1 */,
				4EDEF68825E4657D004E6E1C /* Lab2 */,
				5281148425E70DEF007F3278 /* Lab3 */,
				527BEC6625E85EC90008AAF6 /* Lab4 */,
				527BECA525E96D030008AAF6 /* Lab13 */,
				527BED2325EABF430008AAF6 /* Lab6 - Threelow Dice */,
				527BEDB525F078D90008AAF6 /* Lab10 - Payments */,
				4EDEF67825E45881004E6E1C /* Products */,
			);
			sourceTree = "<group>";
		};
		4EDEF67825E45881004E6E1C /* Products */ = {
			isa = PBXGroup;
			children = (
				4EDEF67725E45881004E6E1C /* Objective-C Labs */,
				4EDEF68725E4657D004E6E1C /* Lab2 */,
				5281148325E70DEF007F3278 /* Lab3 */,
				527BEC6525E85EC90008AAF6 /* Lab4 */,
				527BECA425E96D030008AAF6 /* Lab13 */,
				527BED2225EABF430008AAF6 /* Lab6 - Threelow Dice */,
				527BEDB425F078D90008AAF6 /* Lab10 - Payments */,
			);
			name = Products;
			sourceTree = "<group>";
		};
		4EDEF67925E45881004E6E1C /* Lab1 */ = {
			isa = PBXGroup;
			children = (
				4EDEF67A25E45881004E6E1C /* main.m */,
			);
			path = Lab1;
			sourceTree = "<group>";
		};
		4EDEF68825E4657D004E6E1C /* Lab2 */ = {
			isa = PBXGroup;
			children = (
				4EDEF68925E4657D004E6E1C /* main.m */,
				5281146625E5CB62007F3278 /* Box.h */,
				5281146725E5CB62007F3278 /* Box.m */,
			);
			path = Lab2;
			sourceTree = "<group>";
		};
		527BEC6625E85EC90008AAF6 /* Lab4 */ = {
			isa = PBXGroup;
			children = (
				527BEC6725E85EC90008AAF6 /* main.m */,
				527BEC8C25E863750008AAF6 /* ContactList.h */,
				527BEC8D25E863750008AAF6 /* ContactList.m */,
				527BEC7025E85F370008AAF6 /* Contact.h */,
				527BEC8525E862D30008AAF6 /* InputHandler.h */,
				527BEC8625E862D30008AAF6 /* InputHandler.m */,
				527BEC7125E85F370008AAF6 /* Contact.m */,
			);
			path = Lab4;
			sourceTree = "<group>";
		};
		527BECA525E96D030008AAF6 /* Lab13 */ = {
			isa = PBXGroup;
			children = (
				527BECA625E96D030008AAF6 /* main.m */,
				527BECC225E96D9D0008AAF6 /* NSString+stringByPigLatinization.h */,
				527BECC325E96D9D0008AAF6 /* NSString+stringByPigLatinization.m */,
				527BED9B25EF6E210008AAF6 /* NSMutableString+mutableStringByPigLatinization.h */,
				527BED9C25EF6E210008AAF6 /* NSMutableString+mutableStringByPigLatinization.m */,
			);
			path = Lab13;
			sourceTree = "<group>";
		};
		527BECEC25E9D51C0008AAF6 /* Questions */ = {
			isa = PBXGroup;
			children = (
				5281148D25E7103B007F3278 /* Question.h */,
				5281148E25E7103B007F3278 /* Question.m */,
				527BECF225E9D6090008AAF6 /* QuestionFactory.h */,
				527BECF325E9D6090008AAF6 /* QuestionFactory.m */,
				527BECDC25E9C79B0008AAF6 /* AdditionQuestion.h */,
				527BECE425E9D5150008AAF6 /* SubtractionQuestion.h */,
				527BED0425E9E3A10008AAF6 /* MultiplicationQuestion.h */,
				527BED0C25E9E43C0008AAF6 /* DivisionQuestion.h */,
				527BECDD25E9C79B0008AAF6 /* AdditionQuestion.m */,
				527BECE525E9D5150008AAF6 /* SubtractionQuestion.m */,
				527BED0525E9E3A10008AAF6 /* MultiplicationQuestion.m */,
				527BED0D25E9E43C0008AAF6 /* DivisionQuestion.m */,
			);
			path = Questions;
			sourceTree = "<group>";
		};
		527BED2325EABF430008AAF6 /* Lab6 - Threelow Dice */ = {
			isa = PBXGroup;
			children = (
				527BED2425EABF430008AAF6 /* main.m */,
				527BED4125EAD6E30008AAF6 /* GameController.h */,
				527BED4225EAD6E30008AAF6 /* GameController.m */,
				527BED2F25EABF500008AAF6 /* Dice.h */,
				527BED3825EAC30D0008AAF6 /* InputHandler.h */,
				527BED6325EB771B0008AAF6 /* InputHandler.m */,
				527BED3025EABF500008AAF6 /* Dice.m */,
			);
			path = "Lab6 - Threelow Dice";
			sourceTree = "<group>";
		};
		527BEDB525F078D90008AAF6 /* Lab10 - Payments */ = {
			isa = PBXGroup;
			children = (
				527BEDB625F078D90008AAF6 /* main.m */,
				527BEDCA25F079520008AAF6 /* InputHandler.h */,
				527BEDC925F079520008AAF6 /* InputHandler.m */,
				527BEE0225F0996A0008AAF6 /* Payment.h */,
				527BEE0325F0996A0008AAF6 /* Payment.m */,
				527BEDD325F07B640008AAF6 /* PaymentGateway.h */,
				527BEDD425F07B640008AAF6 /* PaymentGateway.m */,
				527BEE0C25F0A0960008AAF6 /* ApplePaymentService.h */,
				527BEE0D25F0A0960008AAF6 /* ApplePaymentService.m */,
				527BEDE725F07F630008AAF6 /* StripePaymentService.h */,
				527BEDE825F07F630008AAF6 /* StripePaymentService.m */,
				527BEDF125F07F6F0008AAF6 /* AmazonPaymentService.h */,
				527BEDF225F07F6F0008AAF6 /* AmazonPaymentService.m */,
				527BEDDD25F07F540008AAF6 /* PaypalPaymentService.h */,
				527BEDDE25F07F540008AAF6 /* PaypalPaymentService.m */,
			);
			path = "Lab10 - Payments";
			sourceTree = "<group>";
		};
		5281148425E70DEF007F3278 /* Lab3 */ = {
			isa = PBXGroup;
			children = (
				5281148525E70DEF007F3278 /* main.m */,
				527BECCF25E9BAE10008AAF6 /* QuestionManager.h */,
				527BECD025E9BAE10008AAF6 /* QuestionManager.m */,
				528114A025E724A7007F3278 /* ScoreKeeper.h */,
				528114A125E724A7007F3278 /* ScoreKeeper.m */,
				5281149425E71C23007F3278 /* InputHandler.h */,
				5281149525E71C23007F3278 /* InputHandler.m */,
				527BECEC25E9D51C0008AAF6 /* Questions */,
			);
			path = Lab3;
			sourceTree = "<group>";
		};
/* End PBXGroup section */

/* Begin PBXNativeTarget section */
		4EDEF67625E45881004E6E1C /* Objective-C Labs */ = {
			isa = PBXNativeTarget;
			buildConfigurationList = 4EDEF67E25E45881004E6E1C /* Build configuration list for PBXNativeTarget "Objective-C Labs" */;
			buildPhases = (
				4EDEF67325E45881004E6E1C /* Sources */,
				4EDEF67425E45881004E6E1C /* Frameworks */,
				4EDEF67525E45881004E6E1C /* CopyFiles */,
			);
			buildRules = (
			);
			dependencies = (
			);
			name = "Objective-C Labs";
			productName = Lab1;
			productReference = 4EDEF67725E45881004E6E1C /* Objective-C Labs */;
			productType = "com.apple.product-type.tool";
		};
		4EDEF68625E4657D004E6E1C /* Lab2 */ = {
			isa = PBXNativeTarget;
			buildConfigurationList = 4EDEF68B25E4657D004E6E1C /* Build configuration list for PBXNativeTarget "Lab2" */;
			buildPhases = (
				4EDEF68325E4657D004E6E1C /* Sources */,
				4EDEF68425E4657D004E6E1C /* Frameworks */,
				4EDEF68525E4657D004E6E1C /* CopyFiles */,
			);
			buildRules = (
			);
			dependencies = (
			);
			name = Lab2;
			productName = Lab2;
			productReference = 4EDEF68725E4657D004E6E1C /* Lab2 */;
			productType = "com.apple.product-type.tool";
		};
		527BEC6425E85EC90008AAF6 /* Lab4 */ = {
			isa = PBXNativeTarget;
			buildConfigurationList = 527BEC6B25E85EC90008AAF6 /* Build configuration list for PBXNativeTarget "Lab4" */;
			buildPhases = (
				527BEC6125E85EC90008AAF6 /* Sources */,
				527BEC6225E85EC90008AAF6 /* Frameworks */,
				527BEC6325E85EC90008AAF6 /* CopyFiles */,
			);
			buildRules = (
			);
			dependencies = (
			);
			name = Lab4;
			productName = Lab4;
			productReference = 527BEC6525E85EC90008AAF6 /* Lab4 */;
			productType = "com.apple.product-type.tool";
		};
		527BECA325E96D030008AAF6 /* Lab13 */ = {
			isa = PBXNativeTarget;
			buildConfigurationList = 527BECA825E96D030008AAF6 /* Build configuration list for PBXNativeTarget "Lab13" */;
			buildPhases = (
				527BECA025E96D030008AAF6 /* Sources */,
				527BECA125E96D030008AAF6 /* Frameworks */,
				527BECA225E96D030008AAF6 /* CopyFiles */,
			);
			buildRules = (
			);
			dependencies = (
			);
			name = Lab13;
			productName = Lab13;
			productReference = 527BECA425E96D030008AAF6 /* Lab13 */;
			productType = "com.apple.product-type.tool";
		};
		527BED2125EABF430008AAF6 /* Lab6 - Threelow Dice */ = {
			isa = PBXNativeTarget;
			buildConfigurationList = 527BED2625EABF430008AAF6 /* Build configuration list for PBXNativeTarget "Lab6 - Threelow Dice" */;
			buildPhases = (
				527BED1E25EABF430008AAF6 /* Sources */,
				527BED1F25EABF430008AAF6 /* Frameworks */,
				527BED2025EABF430008AAF6 /* CopyFiles */,
			);
			buildRules = (
			);
			dependencies = (
			);
			name = "Lab6 - Threelow Dice";
			productName = "Lab5 - Threelow Dice";
			productReference = 527BED2225EABF430008AAF6 /* Lab6 - Threelow Dice */;
			productType = "com.apple.product-type.tool";
		};
		527BEDB325F078D90008AAF6 /* Lab10 - Payments */ = {
			isa = PBXNativeTarget;
			buildConfigurationList = 527BEDBA25F078D90008AAF6 /* Build configuration list for PBXNativeTarget "Lab10 - Payments" */;
			buildPhases = (
				527BEDB025F078D90008AAF6 /* Sources */,
				527BEDB125F078D90008AAF6 /* Frameworks */,
				527BEDB225F078D90008AAF6 /* CopyFiles */,
			);
			buildRules = (
			);
			dependencies = (
			);
			name = "Lab10 - Payments";
			productName = "Lab10 - Payments";
			productReference = 527BEDB425F078D90008AAF6 /* Lab10 - Payments */;
			productType = "com.apple.product-type.tool";
		};
		5281148225E70DEF007F3278 /* Lab3 */ = {
			isa = PBXNativeTarget;
			buildConfigurationList = 5281148725E70DEF007F3278 /* Build configuration list for PBXNativeTarget "Lab3" */;
			buildPhases = (
				5281147F25E70DEF007F3278 /* Sources */,
				5281148025E70DEF007F3278 /* Frameworks */,
				5281148125E70DEF007F3278 /* CopyFiles */,
			);
			buildRules = (
			);
			dependencies = (
			);
			name = Lab3;
			productName = Lab3;
			productReference = 5281148325E70DEF007F3278 /* Lab3 */;
			productType = "com.apple.product-type.tool";
		};
/* End PBXNativeTarget section */

/* Begin PBXProject section */
		4EDEF66F25E45881004E6E1C /* Project object */ = {
			isa = PBXProject;
			attributes = {
				LastUpgradeCheck = 1240;
				TargetAttributes = {
					4EDEF67625E45881004E6E1C = {
						CreatedOnToolsVersion = 12.4;
					};
					4EDEF68625E4657D004E6E1C = {
						CreatedOnToolsVersion = 12.4;
						LastSwiftMigration = 1240;
					};
					527BEC6425E85EC90008AAF6 = {
						CreatedOnToolsVersion = 12.4;
					};
					527BECA325E96D030008AAF6 = {
						CreatedOnToolsVersion = 12.4;
					};
					527BED2125EABF430008AAF6 = {
						CreatedOnToolsVersion = 12.4;
					};
					527BEDB325F078D90008AAF6 = {
						CreatedOnToolsVersion = 12.4;
					};
					5281148225E70DEF007F3278 = {
						CreatedOnToolsVersion = 12.4;
					};
				};
			};
			buildConfigurationList = 4EDEF67225E45881004E6E1C /* Build configuration list for PBXProject "Objective-C Labs" */;
			compatibilityVersion = "Xcode 9.3";
			developmentRegion = en;
			hasScannedForEncodings = 0;
			knownRegions = (
				en,
				Base,
			);
			mainGroup = 4EDEF66E25E45881004E6E1C;
			productRefGroup = 4EDEF67825E45881004E6E1C /* Products */;
			projectDirPath = "";
			projectRoot = "";
			targets = (
				4EDEF67625E45881004E6E1C /* Objective-C Labs */,
				4EDEF68625E4657D004E6E1C /* Lab2 */,
				5281148225E70DEF007F3278 /* Lab3 */,
				527BEC6425E85EC90008AAF6 /* Lab4 */,
				527BECA325E96D030008AAF6 /* Lab13 */,
				527BED2125EABF430008AAF6 /* Lab6 - Threelow Dice */,
				527BEDB325F078D90008AAF6 /* Lab10 - Payments */,
			);
		};
/* End PBXProject section */

/* Begin PBXSourcesBuildPhase section */
		4EDEF67325E45881004E6E1C /* Sources */ = {
			isa = PBXSourcesBuildPhase;
			buildActionMask = 2147483647;
			files = (
				4EDEF67B25E45881004E6E1C /* main.m in Sources */,
			);
			runOnlyForDeploymentPostprocessing = 0;
		};
		4EDEF68325E4657D004E6E1C /* Sources */ = {
			isa = PBXSourcesBuildPhase;
			buildActionMask = 2147483647;
			files = (
				4EDEF68A25E4657D004E6E1C /* main.m in Sources */,
				5281146825E5CB62007F3278 /* Box.m in Sources */,
			);
			runOnlyForDeploymentPostprocessing = 0;
		};
		527BEC6125E85EC90008AAF6 /* Sources */ = {
			isa = PBXSourcesBuildPhase;
			buildActionMask = 2147483647;
			files = (
				527BEC8E25E863750008AAF6 /* ContactList.m in Sources */,
				527BEC7225E85F370008AAF6 /* Contact.m in Sources */,
				527BEC8725E862D30008AAF6 /* InputHandler.m in Sources */,
				527BEC6825E85EC90008AAF6 /* main.m in Sources */,
			);
			runOnlyForDeploymentPostprocessing = 0;
		};
		527BECA025E96D030008AAF6 /* Sources */ = {
			isa = PBXSourcesBuildPhase;
			buildActionMask = 2147483647;
			files = (
				527BED9D25EF6E210008AAF6 /* NSMutableString+mutableStringByPigLatinization.m in Sources */,
				527BECC425E96D9D0008AAF6 /* NSString+stringByPigLatinization.m in Sources */,
				527BECA725E96D030008AAF6 /* main.m in Sources */,
			);
			runOnlyForDeploymentPostprocessing = 0;
		};
		527BED1E25EABF430008AAF6 /* Sources */ = {
			isa = PBXSourcesBuildPhase;
			buildActionMask = 2147483647;
			files = (
				527BED3125EABF500008AAF6 /* Dice.m in Sources */,
				527BED4325EAD6E30008AAF6 /* GameController.m in Sources */,
				527BED2525EABF430008AAF6 /* main.m in Sources */,
				527BED6425EB771B0008AAF6 /* InputHandler.m in Sources */,
			);
			runOnlyForDeploymentPostprocessing = 0;
		};
		527BEDB025F078D90008AAF6 /* Sources */ = {
			isa = PBXSourcesBuildPhase;
			buildActionMask = 2147483647;
			files = (
				527BEDF325F07F6F0008AAF6 /* AmazonPaymentService.m in Sources */,
				527BEE0E25F0A0960008AAF6 /* ApplePaymentService.m in Sources */,
				527BEDE925F07F630008AAF6 /* StripePaymentService.m in Sources */,
				527BEDD525F07B640008AAF6 /* PaymentGateway.m in Sources */,
				527BEE0425F0996A0008AAF6 /* Payment.m in Sources */,
				527BEDB725F078D90008AAF6 /* main.m in Sources */,
				527BEDCB25F079520008AAF6 /* InputHandler.m in Sources */,
				527BEDDF25F07F540008AAF6 /* PaypalPaymentService.m in Sources */,
			);
			runOnlyForDeploymentPostprocessing = 0;
		};
		5281147F25E70DEF007F3278 /* Sources */ = {
			isa = PBXSourcesBuildPhase;
			buildActionMask = 2147483647;
			files = (
				527BED0E25E9E43C0008AAF6 /* DivisionQuestion.m in Sources */,
				527BECD125E9BAE10008AAF6 /* QuestionManager.m in Sources */,
				527BECDE25E9C79B0008AAF6 /* AdditionQuestion.m in Sources */,
				527BECE625E9D5150008AAF6 /* SubtractionQuestion.m in Sources */,
				528114A225E724A7007F3278 /* ScoreKeeper.m in Sources */,
				527BECF425E9D6090008AAF6 /* QuestionFactory.m in Sources */,
				5281148625E70DEF007F3278 /* main.m in Sources */,
				527BED0625E9E3A10008AAF6 /* MultiplicationQuestion.m in Sources */,
				5281148F25E7103B007F3278 /* Question.m in Sources */,
				527BEC7C25E860D60008AAF6 /* InputHandler.m in Sources */,
			);
			runOnlyForDeploymentPostprocessing = 0;
		};
/* End PBXSourcesBuildPhase section */

/* Begin XCBuildConfiguration section */
		4EDEF67C25E45881004E6E1C /* Debug */ = {
			isa = XCBuildConfiguration;
			buildSettings = {
				ALWAYS_SEARCH_USER_PATHS = NO;
				CLANG_ANALYZER_NONNULL = YES;
				CLANG_ANALYZER_NUMBER_OBJECT_CONVERSION = YES_AGGRESSIVE;
				CLANG_CXX_LANGUAGE_STANDARD = "gnu++14";
				CLANG_CXX_LIBRARY = "libc++";
				CLANG_ENABLE_MODULES = YES;
				CLANG_ENABLE_OBJC_ARC = YES;
				CLANG_ENABLE_OBJC_WEAK = YES;
				CLANG_WARN_BLOCK_CAPTURE_AUTORELEASING = YES;
				CLANG_WARN_BOOL_CONVERSION = YES;
				CLANG_WARN_COMMA = YES;
				CLANG_WARN_CONSTANT_CONVERSION = YES;
				CLANG_WARN_DEPRECATED_OBJC_IMPLEMENTATIONS = YES;
				CLANG_WARN_DIRECT_OBJC_ISA_USAGE = YES_ERROR;
				CLANG_WARN_DOCUMENTATION_COMMENTS = YES;
				CLANG_WARN_EMPTY_BODY = YES;
				CLANG_WARN_ENUM_CONVERSION = YES;
				CLANG_WARN_INFINITE_RECURSION = YES;
				CLANG_WARN_INT_CONVERSION = YES;
				CLANG_WARN_NON_LITERAL_NULL_CONVERSION = YES;
				CLANG_WARN_OBJC_IMPLICIT_RETAIN_SELF = YES;
				CLANG_WARN_OBJC_LITERAL_CONVERSION = YES;
				CLANG_WARN_OBJC_ROOT_CLASS = YES_ERROR;
				CLANG_WARN_QUOTED_INCLUDE_IN_FRAMEWORK_HEADER = YES;
				CLANG_WARN_RANGE_LOOP_ANALYSIS = YES;
				CLANG_WARN_STRICT_PROTOTYPES = YES;
				CLANG_WARN_SUSPICIOUS_MOVE = YES;
				CLANG_WARN_UNGUARDED_AVAILABILITY = YES_AGGRESSIVE;
				CLANG_WARN_UNREACHABLE_CODE = YES;
				CLANG_WARN__DUPLICATE_METHOD_MATCH = YES;
				COPY_PHASE_STRIP = NO;
				DEBUG_INFORMATION_FORMAT = dwarf;
				ENABLE_STRICT_OBJC_MSGSEND = YES;
				ENABLE_TESTABILITY = YES;
				GCC_C_LANGUAGE_STANDARD = gnu11;
				GCC_DYNAMIC_NO_PIC = NO;
				GCC_NO_COMMON_BLOCKS = YES;
				GCC_OPTIMIZATION_LEVEL = 0;
				GCC_PREPROCESSOR_DEFINITIONS = (
					"DEBUG=1",
					"$(inherited)",
				);
				GCC_WARN_64_TO_32_BIT_CONVERSION = YES;
				GCC_WARN_ABOUT_RETURN_TYPE = YES_ERROR;
				GCC_WARN_UNDECLARED_SELECTOR = YES;
				GCC_WARN_UNINITIALIZED_AUTOS = YES_AGGRESSIVE;
				GCC_WARN_UNUSED_FUNCTION = YES;
				GCC_WARN_UNUSED_VARIABLE = YES;
				MACOSX_DEPLOYMENT_TARGET = 11.1;
				MTL_ENABLE_DEBUG_INFO = INCLUDE_SOURCE;
				MTL_FAST_MATH = YES;
				ONLY_ACTIVE_ARCH = YES;
				SDKROOT = macosx;
			};
			name = Debug;
		};
		4EDEF67D25E45881004E6E1C /* Release */ = {
			isa = XCBuildConfiguration;
			buildSettings = {
				ALWAYS_SEARCH_USER_PATHS = NO;
				CLANG_ANALYZER_NONNULL = YES;
				CLANG_ANALYZER_NUMBER_OBJECT_CONVERSION = YES_AGGRESSIVE;
				CLANG_CXX_LANGUAGE_STANDARD = "gnu++14";
				CLANG_CXX_LIBRARY = "libc++";
				CLANG_ENABLE_MODULES = YES;
				CLANG_ENABLE_OBJC_ARC = YES;
				CLANG_ENABLE_OBJC_WEAK = YES;
				CLANG_WARN_BLOCK_CAPTURE_AUTORELEASING = YES;
				CLANG_WARN_BOOL_CONVERSION = YES;
				CLANG_WARN_COMMA = YES;
				CLANG_WARN_CONSTANT_CONVERSION = YES;
				CLANG_WARN_DEPRECATED_OBJC_IMPLEMENTATIONS = YES;
				CLANG_WARN_DIRECT_OBJC_ISA_USAGE = YES_ERROR;
				CLANG_WARN_DOCUMENTATION_COMMENTS = YES;
				CLANG_WARN_EMPTY_BODY = YES;
				CLANG_WARN_ENUM_CONVERSION = YES;
				CLANG_WARN_INFINITE_RECURSION = YES;
				CLANG_WARN_INT_CONVERSION = YES;
				CLANG_WARN_NON_LITERAL_NULL_CONVERSION = YES;
				CLANG_WARN_OBJC_IMPLICIT_RETAIN_SELF = YES;
				CLANG_WARN_OBJC_LITERAL_CONVERSION = YES;
				CLANG_WARN_OBJC_ROOT_CLASS = YES_ERROR;
				CLANG_WARN_QUOTED_INCLUDE_IN_FRAMEWORK_HEADER = YES;
				CLANG_WARN_RANGE_LOOP_ANALYSIS = YES;
				CLANG_WARN_STRICT_PROTOTYPES = YES;
				CLANG_WARN_SUSPICIOUS_MOVE = YES;
				CLANG_WARN_UNGUARDED_AVAILABILITY = YES_AGGRESSIVE;
				CLANG_WARN_UNREACHABLE_CODE = YES;
				CLANG_WARN__DUPLICATE_METHOD_MATCH = YES;
				COPY_PHASE_STRIP = NO;
				DEBUG_INFORMATION_FORMAT = "dwarf-with-dsym";
				ENABLE_NS_ASSERTIONS = NO;
				ENABLE_STRICT_OBJC_MSGSEND = YES;
				GCC_C_LANGUAGE_STANDARD = gnu11;
				GCC_NO_COMMON_BLOCKS = YES;
				GCC_WARN_64_TO_32_BIT_CONVERSION = YES;
				GCC_WARN_ABOUT_RETURN_TYPE = YES_ERROR;
				GCC_WARN_UNDECLARED_SELECTOR = YES;
				GCC_WARN_UNINITIALIZED_AUTOS = YES_AGGRESSIVE;
				GCC_WARN_UNUSED_FUNCTION = YES;
				GCC_WARN_UNUSED_VARIABLE = YES;
				MACOSX_DEPLOYMENT_TARGET = 11.1;
				MTL_ENABLE_DEBUG_INFO = NO;
				MTL_FAST_MATH = YES;
				SDKROOT = macosx;
			};
			name = Release;
		};
		4EDEF67F25E45881004E6E1C /* Debug */ = {
			isa = XCBuildConfiguration;
			buildSettings = {
				CODE_SIGN_STYLE = Automatic;
				DEVELOPMENT_TEAM = AYHFX5HL8Z;
				ENABLE_HARDENED_RUNTIME = YES;
				MACOSX_DEPLOYMENT_TARGET = 10.15;
				PRODUCT_NAME = "$(TARGET_NAME)";
			};
			name = Debug;
		};
		4EDEF68025E45881004E6E1C /* Release */ = {
			isa = XCBuildConfiguration;
			buildSettings = {
				CODE_SIGN_STYLE = Automatic;
				DEVELOPMENT_TEAM = AYHFX5HL8Z;
				ENABLE_HARDENED_RUNTIME = YES;
				MACOSX_DEPLOYMENT_TARGET = 10.15;
				PRODUCT_NAME = "$(TARGET_NAME)";
			};
			name = Release;
		};
		4EDEF68C25E4657D004E6E1C /* Debug */ = {
			isa = XCBuildConfiguration;
			buildSettings = {
				CLANG_ENABLE_MODULES = YES;
				CODE_SIGN_STYLE = Automatic;
				DEVELOPMENT_TEAM = AYHFX5HL8Z;
				ENABLE_HARDENED_RUNTIME = YES;
				LD_RUNPATH_SEARCH_PATHS = (
					"$(inherited)",
					"@executable_path/../Frameworks",
					"@loader_path/../Frameworks",
				);
				MACOSX_DEPLOYMENT_TARGET = 10.15;
				PRODUCT_NAME = "$(TARGET_NAME)";
				SWIFT_OBJC_BRIDGING_HEADER = "Lab2/Lab2-Bridging-Header.h";
				SWIFT_OPTIMIZATION_LEVEL = "-Onone";
				SWIFT_VERSION = 5.0;
			};
			name = Debug;
		};
		4EDEF68D25E4657D004E6E1C /* Release */ = {
			isa = XCBuildConfiguration;
			buildSettings = {
				CLANG_ENABLE_MODULES = YES;
				CODE_SIGN_STYLE = Automatic;
				DEVELOPMENT_TEAM = AYHFX5HL8Z;
				ENABLE_HARDENED_RUNTIME = YES;
				LD_RUNPATH_SEARCH_PATHS = (
					"$(inherited)",
					"@executable_path/../Frameworks",
					"@loader_path/../Frameworks",
				);
				MACOSX_DEPLOYMENT_TARGET = 10.15;
				PRODUCT_NAME = "$(TARGET_NAME)";
				SWIFT_OBJC_BRIDGING_HEADER = "Lab2/Lab2-Bridging-Header.h";
				SWIFT_VERSION = 5.0;
			};
			name = Release;
		};
		527BEC6925E85EC90008AAF6 /* Debug */ = {
			isa = XCBuildConfiguration;
			buildSettings = {
				CODE_SIGN_STYLE = Automatic;
				DEVELOPMENT_TEAM = AYHFX5HL8Z;
				ENABLE_HARDENED_RUNTIME = YES;
				MACOSX_DEPLOYMENT_TARGET = 10.15;
				PRODUCT_NAME = "$(TARGET_NAME)";
			};
			name = Debug;
		};
		527BEC6A25E85EC90008AAF6 /* Release */ = {
			isa = XCBuildConfiguration;
			buildSettings = {
				CODE_SIGN_STYLE = Automatic;
				DEVELOPMENT_TEAM = AYHFX5HL8Z;
				ENABLE_HARDENED_RUNTIME = YES;
				MACOSX_DEPLOYMENT_TARGET = 10.15;
				PRODUCT_NAME = "$(TARGET_NAME)";
			};
			name = Release;
		};
		527BECA925E96D030008AAF6 /* Debug */ = {
			isa = XCBuildConfiguration;
			buildSettings = {
				CODE_SIGN_STYLE = Automatic;
				DEVELOPMENT_TEAM = AYHFX5HL8Z;
				ENABLE_HARDENED_RUNTIME = YES;
				MACOSX_DEPLOYMENT_TARGET = 10.15;
				PRODUCT_NAME = "$(TARGET_NAME)";
			};
			name = Debug;
		};
		527BECAA25E96D030008AAF6 /* Release */ = {
			isa = XCBuildConfiguration;
			buildSettings = {
				CODE_SIGN_STYLE = Automatic;
				DEVELOPMENT_TEAM = AYHFX5HL8Z;
				ENABLE_HARDENED_RUNTIME = YES;
				MACOSX_DEPLOYMENT_TARGET = 10.15;
				PRODUCT_NAME = "$(TARGET_NAME)";
			};
			name = Release;
		};
		527BED2725EABF430008AAF6 /* Debug */ = {
			isa = XCBuildConfiguration;
			buildSettings = {
				CODE_SIGN_STYLE = Automatic;
				DEVELOPMENT_TEAM = AYHFX5HL8Z;
				ENABLE_HARDENED_RUNTIME = YES;
				MACOSX_DEPLOYMENT_TARGET = 10.15;
				PRODUCT_NAME = "$(TARGET_NAME)";
			};
			name = Debug;
		};
		527BED2825EABF430008AAF6 /* Release */ = {
			isa = XCBuildConfiguration;
			buildSettings = {
				CODE_SIGN_STYLE = Automatic;
				DEVELOPMENT_TEAM = AYHFX5HL8Z;
				ENABLE_HARDENED_RUNTIME = YES;
				MACOSX_DEPLOYMENT_TARGET = 10.15;
				PRODUCT_NAME = "$(TARGET_NAME)";
			};
			name = Release;
		};
		527BEDB825F078D90008AAF6 /* Debug */ = {
			isa = XCBuildConfiguration;
			buildSettings = {
				CLANG_WARN_OBJC_REPEATED_USE_OF_WEAK = NO;
				CODE_SIGN_STYLE = Automatic;
				DEVELOPMENT_TEAM = AYHFX5HL8Z;
				ENABLE_HARDENED_RUNTIME = YES;
				MACOSX_DEPLOYMENT_TARGET = 10.15;
				PRODUCT_NAME = "$(TARGET_NAME)";
			};
			name = Debug;
		};
		527BEDB925F078D90008AAF6 /* Release */ = {
			isa = XCBuildConfiguration;
			buildSettings = {
				CLANG_WARN_OBJC_REPEATED_USE_OF_WEAK = NO;
				CODE_SIGN_STYLE = Automatic;
				DEVELOPMENT_TEAM = AYHFX5HL8Z;
				ENABLE_HARDENED_RUNTIME = YES;
				MACOSX_DEPLOYMENT_TARGET = 10.15;
				PRODUCT_NAME = "$(TARGET_NAME)";
			};
			name = Release;
		};
		5281148825E70DEF007F3278 /* Debug */ = {
			isa = XCBuildConfiguration;
			buildSettings = {
				CODE_SIGN_STYLE = Automatic;
				DEVELOPMENT_TEAM = AYHFX5HL8Z;
				ENABLE_HARDENED_RUNTIME = YES;
				MACOSX_DEPLOYMENT_TARGET = 10.15;
				PRODUCT_NAME = "$(TARGET_NAME)";
			};
			name = Debug;
		};
		5281148925E70DEF007F3278 /* Release */ = {
			isa = XCBuildConfiguration;
			buildSettings = {
				CODE_SIGN_STYLE = Automatic;
				DEVELOPMENT_TEAM = AYHFX5HL8Z;
				ENABLE_HARDENED_RUNTIME = YES;
				MACOSX_DEPLOYMENT_TARGET = 10.15;
				PRODUCT_NAME = "$(TARGET_NAME)";
			};
			name = Release;
		};
/* End XCBuildConfiguration section */

/* Begin XCConfigurationList section */
		4EDEF67225E45881004E6E1C /* Build configuration list for PBXProject "Objective-C Labs" */ = {
			isa = XCConfigurationList;
			buildConfigurations = (
				4EDEF67C25E45881004E6E1C /* Debug */,
				4EDEF67D25E45881004E6E1C /* Release */,
			);
			defaultConfigurationIsVisible = 0;
			defaultConfigurationName = Release;
		};
		4EDEF67E25E45881004E6E1C /* Build configuration list for PBXNativeTarget "Objective-C Labs" */ = {
			isa = XCConfigurationList;
			buildConfigurations = (
				4EDEF67F25E45881004E6E1C /* Debug */,
				4EDEF68025E45881004E6E1C /* Release */,
			);
			defaultConfigurationIsVisible = 0;
			defaultConfigurationName = Release;
		};
		4EDEF68B25E4657D004E6E1C /* Build configuration list for PBXNativeTarget "Lab2" */ = {
			isa = XCConfigurationList;
			buildConfigurations = (
				4EDEF68C25E4657D004E6E1C /* Debug */,
				4EDEF68D25E4657D004E6E1C /* Release */,
			);
			defaultConfigurationIsVisible = 0;
			defaultConfigurationName = Release;
		};
		527BEC6B25E85EC90008AAF6 /* Build configuration list for PBXNativeTarget "Lab4" */ = {
			isa = XCConfigurationList;
			buildConfigurations = (
				527BEC6925E85EC90008AAF6 /* Debug */,
				527BEC6A25E85EC90008AAF6 /* Release */,
			);
			defaultConfigurationIsVisible = 0;
			defaultConfigurationName = Release;
		};
		527BECA825E96D030008AAF6 /* Build configuration list for PBXNativeTarget "Lab13" */ = {
			isa = XCConfigurationList;
			buildConfigurations = (
				527BECA925E96D030008AAF6 /* Debug */,
				527BECAA25E96D030008AAF6 /* Release */,
			);
			defaultConfigurationIsVisible = 0;
			defaultConfigurationName = Release;
		};
		527BED2625EABF430008AAF6 /* Build configuration list for PBXNativeTarget "Lab6 - Threelow Dice" */ = {
			isa = XCConfigurationList;
			buildConfigurations = (
				527BED2725EABF430008AAF6 /* Debug */,
				527BED2825EABF430008AAF6 /* Release */,
			);
			defaultConfigurationIsVisible = 0;
			defaultConfigurationName = Release;
		};
		527BEDBA25F078D90008AAF6 /* Build configuration list for PBXNativeTarget "Lab10 - Payments" */ = {
			isa = XCConfigurationList;
			buildConfigurations = (
				527BEDB825F078D90008AAF6 /* Debug */,
				527BEDB925F078D90008AAF6 /* Release */,
			);
			defaultConfigurationIsVisible = 0;
			defaultConfigurationName = Release;
		};
		5281148725E70DEF007F3278 /* Build configuration list for PBXNativeTarget "Lab3" */ = {
			isa = XCConfigurationList;
			buildConfigurations = (
				5281148825E70DEF007F3278 /* Debug */,
				5281148925E70DEF007F3278 /* Release */,
			);
			defaultConfigurationIsVisible = 0;
			defaultConfigurationName = Release;
		};
/* End XCConfigurationList section */
	};
	rootObject = 4EDEF66F25E45881004E6E1C /* Project object */;
}
